{
  "name": "snippet-gen",
  "lockfileVersion": 3,
  "requires": true,
  "packages": {
    "": {
      "dependencies": {
        "css-gum": "^1.4.2"
      }
    },
    "node_modules/css-gum": {
      "version": "1.4.2",
      "resolved": "https://registry.npmjs.org/css-gum/-/css-gum-1.4.2.tgz",
      "integrity": "sha512-N+dIvBhzgmf2YPd5zwdnBLWZSB/A5TthBVcX/X/FsbEStS3saOFgYM84WFuyhjgxDqYDxPjdl/Coq3XMDD/XXA==",
      "license": "MIT",
      "dependencies": {
        "zod": "^4.1.1"
      },
      "funding": {
        "type": "individual",
        "url": "https://ko-fi.com/jzovvo"
      }
    },
    "node_modules/zod": {
      "version": "4.1.11",
      "resolved": "https://registry.npmjs.org/zod/-/zod-4.1.11.tgz",
      "integrity": "sha512-WPsqwxITS2tzx1bzhIKsEs19ABD5vmCVa4xBo2tq/SrV4RNZtfws1EnCWQXM6yh8bD08a1idvkB5MZSBiZsjwg==",
      "license": "MIT",
      "funding": {
        "url": "https://github.com/sponsors/colinhacks"
      }
    }
  }
}
